
Microsoft Visual Studio Solution File, Format Version 12.00
# Visual Studio 15
Project("{FAE04EC0-301F-11D3-BF4B-00C04F79EFBC}") = "Assembly-CSharp", "Assembly-CSharp.csproj", "{A2E8AF31-1057-D21E-4978-6AFB6B781F99}"
EndProject
Project("{FAE04EC0-301F-11D3-BF4B-00C04F79EFBC}") = "Assembly-CSharp-Editor", "Assembly-CSharp-Editor.csproj", "{E5019CB6-369B-E640-BF9F-D3F61F180428}"
EndProject
Global
	GlobalSection(SolutionConfigurationPlatforms) = preSolution
		Debug|Any CPU = Debug|Any CPU
		Release|Any CPU = Release|Any CPU
	EndGlobalSection
	GlobalSection(ProjectConfigurationPlatforms) = postSolution
		{A2E8AF31-1057-D21E-4978-6AFB6B781F99}.Debug|Any CPU.ActiveCfg = Debug|Any CPU
		{A2E8AF31-1057-D21E-4978-6AFB6B781F99}.Debug|Any CPU.Build.0 = Debug|Any CPU
		{A2E8AF31-1057-D21E-4978-6AFB6B781F99}.Release|Any CPU.ActiveCfg = Release|Any CPU
		{A2E8AF31-1057-D21E-4978-6AFB6B781F99}.Release|Any CPU.Build.0 = Release|Any CPU
		{E5019CB6-369B-E640-BF9F-D3F61F180428}.Debug|Any CPU.ActiveCfg = Debug|Any CPU
		{E5019CB6-369B-E640-BF9F-D3F61F180428}.Debug|Any CPU.Build.0 = Debug|Any CPU
		{E5019CB6-369B-E640-BF9F-D3F61F180428}.Release|Any CPU.ActiveCfg = Release|Any CPU
		{E5019CB6-369B-E640-BF9F-D3F61F180428}.Release|Any CPU.Build.0 = Release|Any CPU
	EndGlobalSection
	GlobalSection(SolutionProperties) = preSolution
		HideSolutionNode = FALSE
	EndGlobalSection
EndGlobal
